
Microsoft Visual Studio Solution File, Format Version 12.00
# Visual Studio 15
VisualStudioVersion = 15.0.27004.2006
MinimumVisualStudioVersion = 10.0.40219.1
Project("{FAE04EC0-301F-11D3-BF4B-00C04F79EFBC}") = "ConsoleApp1", "ConsoleApp1\ConsoleApp1.csproj", "{66E24C62-EFB7-438A-9720-4E8D91431B0A}"
EndProject
Project("{FAE04EC0-301F-11D3-BF4B-00C04F79EFBC}") = "Lesson_0", "..\Lesson_0\Lesson_0\Lesson_0.csproj", "{7AE0259B-B904-495E-B0E6-C430CD406AB1}"
EndProject
Global
	GlobalSection(SolutionConfigurationPlatforms) = preSolution
		Debug|Any CPU = Debug|Any CPU
		Release|Any CPU = Release|Any CPU
	EndGlobalSection
	GlobalSection(ProjectConfigurationPlatforms) = postSolution
		{66E24C62-EFB7-438A-9720-4E8D91431B0A}.Debug|Any CPU.ActiveCfg = Debug|Any CPU
		{66E24C62-EFB7-438A-9720-4E8D91431B0A}.Debug|Any CPU.Build.0 = Debug|Any CPU
		{66E24C62-EFB7-438A-9720-4E8D91431B0A}.Release|Any CPU.ActiveCfg = Release|Any CPU
		{66E24C62-EFB7-438A-9720-4E8D91431B0A}.Release|Any CPU.Build.0 = Release|Any CPU
		{7AE0259B-B904-495E-B0E6-C430CD406AB1}.Debug|Any CPU.ActiveCfg = Debug|Any CPU
		{7AE0259B-B904-495E-B0E6-C430CD406AB1}.Debug|Any CPU.Build.0 = Debug|Any CPU
		{7AE0259B-B904-495E-B0E6-C430CD406AB1}.Release|Any CPU.ActiveCfg = Release|Any CPU
		{7AE0259B-B904-495E-B0E6-C430CD406AB1}.Release|Any CPU.Build.0 = Release|Any CPU
	EndGlobalSection
	GlobalSection(SolutionProperties) = preSolution
		HideSolutionNode = FALSE
	EndGlobalSection
	GlobalSection(ExtensibilityGlobals) = postSolution
		SolutionGuid = {2DAC9A63-1B8F-4CA5-A642-62D00DEBDC8F}
	EndGlobalSection
EndGlobal
