
Microsoft Visual Studio Solution File, Format Version 12.00
# Visual Studio 15
VisualStudioVersion = 15.0.27004.2006
MinimumVisualStudioVersion = 10.0.40219.1
Project("{FAE04EC0-301F-11D3-BF4B-00C04F79EFBC}") = "DBTest", "DBTest\DBTest.csproj", "{3CFF5DEE-EE2D-4D1A-A4EE-B15EDDC3304C}"
EndProject
Global
	GlobalSection(SolutionConfigurationPlatforms) = preSolution
		Debug|Any CPU = Debug|Any CPU
		Release|Any CPU = Release|Any CPU
	EndGlobalSection
	GlobalSection(ProjectConfigurationPlatforms) = postSolution
		{3CFF5DEE-EE2D-4D1A-A4EE-B15EDDC3304C}.Debug|Any CPU.ActiveCfg = Debug|Any CPU
		{3CFF5DEE-EE2D-4D1A-A4EE-B15EDDC3304C}.Debug|Any CPU.Build.0 = Debug|Any CPU
		{3CFF5DEE-EE2D-4D1A-A4EE-B15EDDC3304C}.Release|Any CPU.ActiveCfg = Release|Any CPU
		{3CFF5DEE-EE2D-4D1A-A4EE-B15EDDC3304C}.Release|Any CPU.Build.0 = Release|Any CPU
	EndGlobalSection
	GlobalSection(SolutionProperties) = preSolution
		HideSolutionNode = FALSE
	EndGlobalSection
	GlobalSection(ExtensibilityGlobals) = postSolution
		SolutionGuid = {FA24575A-2075-43CB-A189-E630631C323C}
	EndGlobalSection
EndGlobal
